
Microsoft Visual Studio Solution File, Format Version 12.00
# Visual Studio Version 16
VisualStudioVersion = 16.0.31410.357
MinimumVisualStudioVersion = 10.0.40219.1
Project("{FAE04EC0-301F-11D3-BF4B-00C04F79EFBC}") = "BigSchool", "BigSchool.csproj", "{7A40A9C3-B993-44AC-B0BC-F82C9D8A87A6}"
EndProject
Global
	GlobalSection(SolutionConfigurationPlatforms) = preSolution
		Debug|Any CPU = Debug|Any CPU
		Release|Any CPU = Release|Any CPU
	EndGlobalSection
	GlobalSection(ProjectConfigurationPlatforms) = postSolution
		{7A40A9C3-B993-44AC-B0BC-F82C9D8A87A6}.Debug|Any CPU.ActiveCfg = Debug|Any CPU
		{7A40A9C3-B993-44AC-B0BC-F82C9D8A87A6}.Debug|Any CPU.Build.0 = Debug|Any CPU
		{7A40A9C3-B993-44AC-B0BC-F82C9D8A87A6}.Release|Any CPU.ActiveCfg = Release|Any CPU
		{7A40A9C3-B993-44AC-B0BC-F82C9D8A87A6}.Release|Any CPU.Build.0 = Release|Any CPU
	EndGlobalSection
	GlobalSection(SolutionProperties) = preSolution
		HideSolutionNode = FALSE
	EndGlobalSection
	GlobalSection(ExtensibilityGlobals) = postSolution
		SolutionGuid = {35A68E56-CB7C-40D9-9A7C-EA79F08A3EA3}
	EndGlobalSection
EndGlobal
